// !$*UTF8*$!
{
	archiveVersion = 1;
	classes = {
	};
	objectVersion = 56;
	objects = {

/* Begin PBXBuildFile section */
		67793E822CA91A9300081C1D /* CaptionedPhoto.swift in Sources */ = {isa = PBXBuildFile; fileRef = 67793E812CA91A9300081C1D /* CaptionedPhoto.swift */; };
		677B0F162D1A9B1D00705719 /* MusicViewModel.swift in Sources */ = {isa = PBXBuildFile; fileRef = 677B0F152D1A9B1D00705719 /* MusicViewModel.swift */; };
		677B0F192D1A9DBD00705719 /* MusicUserResponse.swift in Sources */ = {isa = PBXBuildFile; fileRef = 677B0F182D1A9DBD00705719 /* MusicUserResponse.swift */; };
		677FBFF22D171DB7005075F2 /* MusicView.swift in Sources */ = {isa = PBXBuildFile; fileRef = 677FBFF12D171DB7005075F2 /* MusicView.swift */; };
		6780DF592D2132AE00D34FB1 /* AsyncCachedImage.swift in Sources */ = {isa = PBXBuildFile; fileRef = 6780DF582D2132AE00D34FB1 /* AsyncCachedImage.swift */; };
		67D6D8D82CBBB19400768197 /* LoginView.swift in Sources */ = {isa = PBXBuildFile; fileRef = 67D6D8D72CBBB19400768197 /* LoginView.swift */; };
		67D80D1A2CD3DFC0005FCB95 /* String+Extension.swift in Sources */ = {isa = PBXBuildFile; fileRef = 67D80D192CD3DFC0005FCB95 /* String+Extension.swift */; };
		67D80D1D2CD3E03F005FCB95 /* RoundedRectangleOverlay.swift in Sources */ = {isa = PBXBuildFile; fileRef = 67D80D1C2CD3E03F005FCB95 /* RoundedRectangleOverlay.swift */; };
		67D80D1F2CD3E080005FCB95 /* ArrowRightCircleBurron.swift in Sources */ = {isa = PBXBuildFile; fileRef = 67D80D1E2CD3E080005FCB95 /* ArrowRightCircleBurron.swift */; };
		67D80D212CD3E573005FCB95 /* ForgetPasswordView.swift in Sources */ = {isa = PBXBuildFile; fileRef = 67D80D202CD3E573005FCB95 /* ForgetPasswordView.swift */; };
		67E388CE2CA911FE00202250 /* Practice_SwiftUIApp.swift in Sources */ = {isa = PBXBuildFile; fileRef = 67E388CD2CA911FE00202250 /* Practice_SwiftUIApp.swift */; };
		67E388D02CA911FE00202250 /* ContentView.swift in Sources */ = {isa = PBXBuildFile; fileRef = 67E388CF2CA911FE00202250 /* ContentView.swift */; };
		67E388D22CA9120300202250 /* Assets.xcassets in Resources */ = {isa = PBXBuildFile; fileRef = 67E388D12CA9120300202250 /* Assets.xcassets */; };
		67E388D52CA9120300202250 /* Preview Assets.xcassets in Resources */ = {isa = PBXBuildFile; fileRef = 67E388D42CA9120300202250 /* Preview Assets.xcassets */; };
		67F23F4A2CBB8DD50016A4CA /* IfElseTrain.swift in Sources */ = {isa = PBXBuildFile; fileRef = 67F23F492CBB8DD40016A4CA /* IfElseTrain.swift */; };
/* End PBXBuildFile section */

/* Begin PBXFileReference section */
		67793E812CA91A9300081C1D /* CaptionedPhoto.swift */ = {isa = PBXFileReference; lastKnownFileType = sourcecode.swift; path = CaptionedPhoto.swift; sourceTree = "<group>"; };
		677B0F152D1A9B1D00705719 /* MusicViewModel.swift */ = {isa = PBXFileReference; lastKnownFileType = sourcecode.swift; path = MusicViewModel.swift; sourceTree = "<group>"; };
		677B0F182D1A9DBD00705719 /* MusicUserResponse.swift */ = {isa = PBXFileReference; lastKnownFileType = sourcecode.swift; path = MusicUserResponse.swift; sourceTree = "<group>"; };
		677B0F1A2D1AC0AD00705719 /* Info.plist */ = {isa = PBXFileReference; lastKnownFileType = text.plist; path = Info.plist; sourceTree = "<group>"; };
		677FBFF12D171DB7005075F2 /* MusicView.swift */ = {isa = PBXFileReference; lastKnownFileType = sourcecode.swift; path = MusicView.swift; sourceTree = "<group>"; };
		6780DF582D2132AE00D34FB1 /* AsyncCachedImage.swift */ = {isa = PBXFileReference; lastKnownFileType = sourcecode.swift; path = AsyncCachedImage.swift; sourceTree = "<group>"; };
		67D6D8D72CBBB19400768197 /* LoginView.swift */ = {isa = PBXFileReference; lastKnownFileType = sourcecode.swift; path = LoginView.swift; sourceTree = "<group>"; };
		67D80D192CD3DFC0005FCB95 /* String+Extension.swift */ = {isa = PBXFileReference; lastKnownFileType = sourcecode.swift; path = "String+Extension.swift"; sourceTree = "<group>"; };
		67D80D1C2CD3E03F005FCB95 /* RoundedRectangleOverlay.swift */ = {isa = PBXFileReference; lastKnownFileType = sourcecode.swift; path = RoundedRectangleOverlay.swift; sourceTree = "<group>"; };
		67D80D1E2CD3E080005FCB95 /* ArrowRightCircleBurron.swift */ = {isa = PBXFileReference; lastKnownFileType = sourcecode.swift; path = ArrowRightCircleBurron.swift; sourceTree = "<group>"; };
		67D80D202CD3E573005FCB95 /* ForgetPasswordView.swift */ = {isa = PBXFileReference; lastKnownFileType = sourcecode.swift; path = ForgetPasswordView.swift; sourceTree = "<group>"; };
		67E388CA2CA911FE00202250 /* Practice-SwiftUI.app */ = {isa = PBXFileReference; explicitFileType = wrapper.application; includeInIndex = 0; path = "Practice-SwiftUI.app"; sourceTree = BUILT_PRODUCTS_DIR; };
		67E388CD2CA911FE00202250 /* Practice_SwiftUIApp.swift */ = {isa = PBXFileReference; lastKnownFileType = sourcecode.swift; path = Practice_SwiftUIApp.swift; sourceTree = "<group>"; };
		67E388CF2CA911FE00202250 /* ContentView.swift */ = {isa = PBXFileReference; lastKnownFileType = sourcecode.swift; path = ContentView.swift; sourceTree = "<group>"; };
		67E388D12CA9120300202250 /* Assets.xcassets */ = {isa = PBXFileReference; lastKnownFileType = folder.assetcatalog; path = Assets.xcassets; sourceTree = "<group>"; };
		67E388D42CA9120300202250 /* Preview Assets.xcassets */ = {isa = PBXFileReference; lastKnownFileType = folder.assetcatalog; path = "Preview Assets.xcassets"; sourceTree = "<group>"; };
		67F23F492CBB8DD40016A4CA /* IfElseTrain.swift */ = {isa = PBXFileReference; lastKnownFileType = sourcecode.swift; path = IfElseTrain.swift; sourceTree = "<group>"; };
/* End PBXFileReference section */

/* Begin PBXFrameworksBuildPhase section */
		67E388C72CA911FE00202250 /* Frameworks */ = {
			isa = PBXFrameworksBuildPhase;
			buildActionMask = 2147483647;
			files = (
			);
			runOnlyForDeploymentPostprocessing = 0;
		};
/* End PBXFrameworksBuildPhase section */

/* Begin PBXGroup section */
		67793E802CA91A5400081C1D /* Views */ = {
			isa = PBXGroup;
			children = (
				67D80D1B2CD3DFF6005FCB95 /* Helper */,
				67793E812CA91A9300081C1D /* CaptionedPhoto.swift */,
				67F23F492CBB8DD40016A4CA /* IfElseTrain.swift */,
				67D6D8D72CBBB19400768197 /* LoginView.swift */,
				67D80D202CD3E573005FCB95 /* ForgetPasswordView.swift */,
				677FBFF12D171DB7005075F2 /* MusicView.swift */,
			);
			path = Views;
			sourceTree = "<group>";
		};
		677B0F142D1A9AD900705719 /* ViewModel */ = {
			isa = PBXGroup;
			children = (
				677B0F152D1A9B1D00705719 /* MusicViewModel.swift */,
			);
			path = ViewModel;
			sourceTree = "<group>";
		};
		677B0F172D1A9D2500705719 /* Model */ = {
			isa = PBXGroup;
			children = (
				677B0F182D1A9DBD00705719 /* MusicUserResponse.swift */,
			);
			path = Model;
			sourceTree = "<group>";
		};
		67D80D182CD3DF95005FCB95 /* Foundation+Extenstion */ = {
			isa = PBXGroup;
			children = (
				67D80D192CD3DFC0005FCB95 /* String+Extension.swift */,
			);
			path = "Foundation+Extenstion";
			sourceTree = "<group>";
		};
		67D80D1B2CD3DFF6005FCB95 /* Helper */ = {
			isa = PBXGroup;
			children = (
				67D80D1C2CD3E03F005FCB95 /* RoundedRectangleOverlay.swift */,
				67D80D1E2CD3E080005FCB95 /* ArrowRightCircleBurron.swift */,
				6780DF582D2132AE00D34FB1 /* AsyncCachedImage.swift */,
			);
			path = Helper;
			sourceTree = "<group>";
		};
		67E388C12CA911FE00202250 = {
			isa = PBXGroup;
			children = (
				67E388CC2CA911FE00202250 /* Practice-SwiftUI */,
				67E388CB2CA911FE00202250 /* Products */,
			);
			sourceTree = "<group>";
		};
		67E388CB2CA911FE00202250 /* Products */ = {
			isa = PBXGroup;
			children = (
				67E388CA2CA911FE00202250 /* Practice-SwiftUI.app */,
			);
			name = Products;
			sourceTree = "<group>";
		};
		67E388CC2CA911FE00202250 /* Practice-SwiftUI */ = {
			isa = PBXGroup;
			children = (
				677B0F1A2D1AC0AD00705719 /* Info.plist */,
				67E388CD2CA911FE00202250 /* Practice_SwiftUIApp.swift */,
				67E388CF2CA911FE00202250 /* ContentView.swift */,
				677B0F172D1A9D2500705719 /* Model */,
				677B0F142D1A9AD900705719 /* ViewModel */,
				67D80D182CD3DF95005FCB95 /* Foundation+Extenstion */,
				67793E802CA91A5400081C1D /* Views */,
				67E388D12CA9120300202250 /* Assets.xcassets */,
				67E388D32CA9120300202250 /* Preview Content */,
			);
			path = "Practice-SwiftUI";
			sourceTree = "<group>";
		};
		67E388D32CA9120300202250 /* Preview Content */ = {
			isa = PBXGroup;
			children = (
				67E388D42CA9120300202250 /* Preview Assets.xcassets */,
			);
			path = "Preview Content";
			sourceTree = "<group>";
		};
/* End PBXGroup section */

/* Begin PBXNativeTarget section */
		67E388C92CA911FE00202250 /* Practice-SwiftUI */ = {
			isa = PBXNativeTarget;
			buildConfigurationList = 67E388D82CA9120300202250 /* Build configuration list for PBXNativeTarget "Practice-SwiftUI" */;
			buildPhases = (
				67E388C62CA911FE00202250 /* Sources */,
				67E388C72CA911FE00202250 /* Frameworks */,
				67E388C82CA911FE00202250 /* Resources */,
			);
			buildRules = (
			);
			dependencies = (
			);
			name = "Practice-SwiftUI";
			productName = "Practice-SwiftUI";
			productReference = 67E388CA2CA911FE00202250 /* Practice-SwiftUI.app */;
			productType = "com.apple.product-type.application";
		};
/* End PBXNativeTarget section */

/* Begin PBXProject section */
		67E388C22CA911FE00202250 /* Project object */ = {
			isa = PBXProject;
			attributes = {
				BuildIndependentTargetsInParallel = 1;
				LastSwiftUpdateCheck = 1420;
				LastUpgradeCheck = 1420;
				TargetAttributes = {
					67E388C92CA911FE00202250 = {
						CreatedOnToolsVersion = 14.2;
					};
				};
			};
			buildConfigurationList = 67E388C52CA911FE00202250 /* Build configuration list for PBXProject "Practice-SwiftUI" */;
			compatibilityVersion = "Xcode 14.0";
			developmentRegion = en;
			hasScannedForEncodings = 0;
			knownRegions = (
				en,
				Base,
			);
			mainGroup = 67E388C12CA911FE00202250;
			productRefGroup = 67E388CB2CA911FE00202250 /* Products */;
			projectDirPath = "";
			projectRoot = "";
			targets = (
				67E388C92CA911FE00202250 /* Practice-SwiftUI */,
			);
		};
/* End PBXProject section */

/* Begin PBXResourcesBuildPhase section */
		67E388C82CA911FE00202250 /* Resources */ = {
			isa = PBXResourcesBuildPhase;
			buildActionMask = 2147483647;
			files = (
				67E388D52CA9120300202250 /* Preview Assets.xcassets in Resources */,
				67E388D22CA9120300202250 /* Assets.xcassets in Resources */,
			);
			runOnlyForDeploymentPostprocessing = 0;
		};
/* End PBXResourcesBuildPhase section */

/* Begin PBXSourcesBuildPhase section */
		67E388C62CA911FE00202250 /* Sources */ = {
			isa = PBXSourcesBuildPhase;
			buildActionMask = 2147483647;
			files = (
				67D6D8D82CBBB19400768197 /* LoginView.swift in Sources */,
				677B0F192D1A9DBD00705719 /* MusicUserResponse.swift in Sources */,
				67E388D02CA911FE00202250 /* ContentView.swift in Sources */,
				677FBFF22D171DB7005075F2 /* MusicView.swift in Sources */,
				6780DF592D2132AE00D34FB1 /* AsyncCachedImage.swift in Sources */,
				67D80D1F2CD3E080005FCB95 /* ArrowRightCircleBurron.swift in Sources */,
				67793E822CA91A9300081C1D /* CaptionedPhoto.swift in Sources */,
				67F23F4A2CBB8DD50016A4CA /* IfElseTrain.swift in Sources */,
				67D80D212CD3E573005FCB95 /* ForgetPasswordView.swift in Sources */,
				67D80D1A2CD3DFC0005FCB95 /* String+Extension.swift in Sources */,
				67D80D1D2CD3E03F005FCB95 /* RoundedRectangleOverlay.swift in Sources */,
				677B0F162D1A9B1D00705719 /* MusicViewModel.swift in Sources */,
				67E388CE2CA911FE00202250 /* Practice_SwiftUIApp.swift in Sources */,
			);
			runOnlyForDeploymentPostprocessing = 0;
		};
/* End PBXSourcesBuildPhase section */

/* Begin XCBuildConfiguration section */
		67E388D62CA9120300202250 /* Debug */ = {
			isa = XCBuildConfiguration;
			buildSettings = {
				ALWAYS_SEARCH_USER_PATHS = NO;
				CLANG_ANALYZER_NONNULL = YES;
				CLANG_ANALYZER_NUMBER_OBJECT_CONVERSION = YES_AGGRESSIVE;
				CLANG_CXX_LANGUAGE_STANDARD = "gnu++20";
				CLANG_ENABLE_MODULES = YES;
				CLANG_ENABLE_OBJC_ARC = YES;
				CLANG_ENABLE_OBJC_WEAK = YES;
				CLANG_WARN_BLOCK_CAPTURE_AUTORELEASING = YES;
				CLANG_WARN_BOOL_CONVERSION = YES;
				CLANG_WARN_COMMA = YES;
				CLANG_WARN_CONSTANT_CONVERSION = YES;
				CLANG_WARN_DEPRECATED_OBJC_IMPLEMENTATIONS = YES;
				CLANG_WARN_DIRECT_OBJC_ISA_USAGE = YES_ERROR;
				CLANG_WARN_DOCUMENTATION_COMMENTS = YES;
				CLANG_WARN_EMPTY_BODY = YES;
				CLANG_WARN_ENUM_CONVERSION = YES;
				CLANG_WARN_INFINITE_RECURSION = YES;
				CLANG_WARN_INT_CONVERSION = YES;
				CLANG_WARN_NON_LITERAL_NULL_CONVERSION = YES;
				CLANG_WARN_OBJC_IMPLICIT_RETAIN_SELF = YES;
				CLANG_WARN_OBJC_LITERAL_CONVERSION = YES;
				CLANG_WARN_OBJC_ROOT_CLASS = YES_ERROR;
				CLANG_WARN_QUOTED_INCLUDE_IN_FRAMEWORK_HEADER = YES;
				CLANG_WARN_RANGE_LOOP_ANALYSIS = YES;
				CLANG_WARN_STRICT_PROTOTYPES = YES;
				CLANG_WARN_SUSPICIOUS_MOVE = YES;
				CLANG_WARN_UNGUARDED_AVAILABILITY = YES_AGGRESSIVE;
				CLANG_WARN_UNREACHABLE_CODE = YES;
				CLANG_WARN__DUPLICATE_METHOD_MATCH = YES;
				COPY_PHASE_STRIP = NO;
				DEBUG_INFORMATION_FORMAT = dwarf;
				ENABLE_STRICT_OBJC_MSGSEND = YES;
				ENABLE_TESTABILITY = YES;
				GCC_C_LANGUAGE_STANDARD = gnu11;
				GCC_DYNAMIC_NO_PIC = NO;
				GCC_NO_COMMON_BLOCKS = YES;
				GCC_OPTIMIZATION_LEVEL = 0;
				GCC_PREPROCESSOR_DEFINITIONS = (
					"DEBUG=1",
					"$(inherited)",
				);
				GCC_WARN_64_TO_32_BIT_CONVERSION = YES;
				GCC_WARN_ABOUT_RETURN_TYPE = YES_ERROR;
				GCC_WARN_UNDECLARED_SELECTOR = YES;
				GCC_WARN_UNINITIALIZED_AUTOS = YES_AGGRESSIVE;
				GCC_WARN_UNUSED_FUNCTION = YES;
				GCC_WARN_UNUSED_VARIABLE = YES;
				IPHONEOS_DEPLOYMENT_TARGET = 16.2;
				MTL_ENABLE_DEBUG_INFO = INCLUDE_SOURCE;
				MTL_FAST_MATH = YES;
				ONLY_ACTIVE_ARCH = YES;
				SDKROOT = iphoneos;
				SWIFT_ACTIVE_COMPILATION_CONDITIONS = DEBUG;
				SWIFT_OPTIMIZATION_LEVEL = "-Onone";
			};
			name = Debug;
		};
		67E388D72CA9120300202250 /* Release */ = {
			isa = XCBuildConfiguration;
			buildSettings = {
				ALWAYS_SEARCH_USER_PATHS = NO;
				CLANG_ANALYZER_NONNULL = YES;
				CLANG_ANALYZER_NUMBER_OBJECT_CONVERSION = YES_AGGRESSIVE;
				CLANG_CXX_LANGUAGE_STANDARD = "gnu++20";
				CLANG_ENABLE_MODULES = YES;
				CLANG_ENABLE_OBJC_ARC = YES;
				CLANG_ENABLE_OBJC_WEAK = YES;
				CLANG_WARN_BLOCK_CAPTURE_AUTORELEASING = YES;
				CLANG_WARN_BOOL_CONVERSION = YES;
				CLANG_WARN_COMMA = YES;
				CLANG_WARN_CONSTANT_CONVERSION = YES;
				CLANG_WARN_DEPRECATED_OBJC_IMPLEMENTATIONS = YES;
				CLANG_WARN_DIRECT_OBJC_ISA_USAGE = YES_ERROR;
				CLANG_WARN_DOCUMENTATION_COMMENTS = YES;
				CLANG_WARN_EMPTY_BODY = YES;
				CLANG_WARN_ENUM_CONVERSION = YES;
				CLANG_WARN_INFINITE_RECURSION = YES;
				CLANG_WARN_INT_CONVERSION = YES;
				CLANG_WARN_NON_LITERAL_NULL_CONVERSION = YES;
				CLANG_WARN_OBJC_IMPLICIT_RETAIN_SELF = YES;
				CLANG_WARN_OBJC_LITERAL_CONVERSION = YES;
				CLANG_WARN_OBJC_ROOT_CLASS = YES_ERROR;
				CLANG_WARN_QUOTED_INCLUDE_IN_FRAMEWORK_HEADER = YES;
				CLANG_WARN_RANGE_LOOP_ANALYSIS = YES;
				CLANG_WARN_STRICT_PROTOTYPES = YES;
				CLANG_WARN_SUSPICIOUS_MOVE = YES;
				CLANG_WARN_UNGUARDED_AVAILABILITY = YES_AGGRESSIVE;
				CLANG_WARN_UNREACHABLE_CODE = YES;
				CLANG_WARN__DUPLICATE_METHOD_MATCH = YES;
				COPY_PHASE_STRIP = NO;
				DEBUG_INFORMATION_FORMAT = "dwarf-with-dsym";
				ENABLE_NS_ASSERTIONS = NO;
				ENABLE_STRICT_OBJC_MSGSEND = YES;
				GCC_C_LANGUAGE_STANDARD = gnu11;
				GCC_NO_COMMON_BLOCKS = YES;
				GCC_WARN_64_TO_32_BIT_CONVERSION = YES;
				GCC_WARN_ABOUT_RETURN_TYPE = YES_ERROR;
				GCC_WARN_UNDECLARED_SELECTOR = YES;
				GCC_WARN_UNINITIALIZED_AUTOS = YES_AGGRESSIVE;
				GCC_WARN_UNUSED_FUNCTION = YES;
				GCC_WARN_UNUSED_VARIABLE = YES;
				IPHONEOS_DEPLOYMENT_TARGET = 16.2;
				MTL_ENABLE_DEBUG_INFO = NO;
				MTL_FAST_MATH = YES;
				SDKROOT = iphoneos;
				SWIFT_COMPILATION_MODE = wholemodule;
				SWIFT_OPTIMIZATION_LEVEL = "-O";
				VALIDATE_PRODUCT = YES;
			};
			name = Release;
		};
		67E388D92CA9120300202250 /* Debug */ = {
			isa = XCBuildConfiguration;
			buildSettings = {
				ASSETCATALOG_COMPILER_APPICON_NAME = AppIcon;
				ASSETCATALOG_COMPILER_GLOBAL_ACCENT_COLOR_NAME = AccentColor;
				CODE_SIGN_STYLE = Automatic;
				CURRENT_PROJECT_VERSION = 1;
				DEVELOPMENT_ASSET_PATHS = "\"Practice-SwiftUI/Preview Content\"";
				ENABLE_PREVIEWS = YES;
				GENERATE_INFOPLIST_FILE = YES;
				INFOPLIST_FILE = "Practice-SwiftUI/Info.plist";
				INFOPLIST_KEY_UIApplicationSceneManifest_Generation = YES;
				INFOPLIST_KEY_UIApplicationSupportsIndirectInputEvents = YES;
				INFOPLIST_KEY_UILaunchScreen_Generation = YES;
				INFOPLIST_KEY_UISupportedInterfaceOrientations_iPad = "UIInterfaceOrientationPortrait UIInterfaceOrientationPortraitUpsideDown UIInterfaceOrientationLandscapeLeft UIInterfaceOrientationLandscapeRight";
				INFOPLIST_KEY_UISupportedInterfaceOrientations_iPhone = "UIInterfaceOrientationPortrait UIInterfaceOrientationLandscapeLeft UIInterfaceOrientationLandscapeRight";
				LD_RUNPATH_SEARCH_PATHS = (
					"$(inherited)",
					"@executable_path/Frameworks",
				);
				MARKETING_VERSION = 1.0;
				PRODUCT_BUNDLE_IDENTIFIER = "com.test.Practice-SwiftUI";
				PRODUCT_NAME = "$(TARGET_NAME)";
				SWIFT_EMIT_LOC_STRINGS = YES;
				SWIFT_VERSION = 5.0;
				TARGETED_DEVICE_FAMILY = "1,2";
			};
			name = Debug;
		};
		67E388DA2CA9120300202250 /* Release */ = {
			isa = XCBuildConfiguration;
			buildSettings = {
				ASSETCATALOG_COMPILER_APPICON_NAME = AppIcon;
				ASSETCATALOG_COMPILER_GLOBAL_ACCENT_COLOR_NAME = AccentColor;
				CODE_SIGN_STYLE = Automatic;
				CURRENT_PROJECT_VERSION = 1;
				DEVELOPMENT_ASSET_PATHS = "\"Practice-SwiftUI/Preview Content\"";
				ENABLE_PREVIEWS = YES;
				GENERATE_INFOPLIST_FILE = YES;
				INFOPLIST_FILE = "Practice-SwiftUI/Info.plist";
				INFOPLIST_KEY_UIApplicationSceneManifest_Generation = YES;
				INFOPLIST_KEY_UIApplicationSupportsIndirectInputEvents = YES;
				INFOPLIST_KEY_UILaunchScreen_Generation = YES;
				INFOPLIST_KEY_UISupportedInterfaceOrientations_iPad = "UIInterfaceOrientationPortrait UIInterfaceOrientationPortraitUpsideDown UIInterfaceOrientationLandscapeLeft UIInterfaceOrientationLandscapeRight";
				INFOPLIST_KEY_UISupportedInterfaceOrientations_iPhone = "UIInterfaceOrientationPortrait UIInterfaceOrientationLandscapeLeft UIInterfaceOrientationLandscapeRight";
				LD_RUNPATH_SEARCH_PATHS = (
					"$(inherited)",
					"@executable_path/Frameworks",
				);
				MARKETING_VERSION = 1.0;
				PRODUCT_BUNDLE_IDENTIFIER = "com.test.Practice-SwiftUI";
				PRODUCT_NAME = "$(TARGET_NAME)";
				SWIFT_EMIT_LOC_STRINGS = YES;
				SWIFT_VERSION = 5.0;
				TARGETED_DEVICE_FAMILY = "1,2";
			};
			name = Release;
		};
/* End XCBuildConfiguration section */

/* Begin XCConfigurationList section */
		67E388C52CA911FE00202250 /* Build configuration list for PBXProject "Practice-SwiftUI" */ = {
			isa = XCConfigurationList;
			buildConfigurations = (
				67E388D62CA9120300202250 /* Debug */,
				67E388D72CA9120300202250 /* Release */,
			);
			defaultConfigurationIsVisible = 0;
			defaultConfigurationName = Release;
		};
		67E388D82CA9120300202250 /* Build configuration list for PBXNativeTarget "Practice-SwiftUI" */ = {
			isa = XCConfigurationList;
			buildConfigurations = (
				67E388D92CA9120300202250 /* Debug */,
				67E388DA2CA9120300202250 /* Release */,
			);
			defaultConfigurationIsVisible = 0;
			defaultConfigurationName = Release;
		};
/* End XCConfigurationList section */
	};
	rootObject = 67E388C22CA911FE00202250 /* Project object */;
}
